// !$*UTF8*$!
{
	archiveVersion = 1;
	classes = {
	};
	objectVersion = 51;
	objects = {

/* Begin PBXBuildFile section */
		730BE65922E8998500B0C6D5 /* BombSpriteNode.swift in Sources */ = {isa = PBXBuildFile; fileRef = 730BE65822E8998500B0C6D5 /* BombSpriteNode.swift */; };
		730BE65F22E8A92E00B0C6D5 /* StandardBomb.png in Resources */ = {isa = PBXBuildFile; fileRef = 730BE65E22E8A92E00B0C6D5 /* StandardBomb.png */; };
		730BE66122E8AA3F00B0C6D5 /* biggerBomb.png in Resources */ = {isa = PBXBuildFile; fileRef = 730BE66022E8AA3F00B0C6D5 /* biggerBomb.png */; };
		730BE66322E8AC0600B0C6D5 /* biggestBomb.png in Resources */ = {isa = PBXBuildFile; fileRef = 730BE66222E8AC0600B0C6D5 /* biggestBomb.png */; };
		730BE66522E8BA1E00B0C6D5 /* NextLevelScene.swift in Sources */ = {isa = PBXBuildFile; fileRef = 730BE66422E8BA1E00B0C6D5 /* NextLevelScene.swift */; };
		730BE66722E8BA8B00B0C6D5 /* GameState.swift in Sources */ = {isa = PBXBuildFile; fileRef = 730BE66622E8BA8B00B0C6D5 /* GameState.swift */; };
		736CFC5422B3B9430071EA3B /* AppDelegate.swift in Sources */ = {isa = PBXBuildFile; fileRef = 736CFC5322B3B9430071EA3B /* AppDelegate.swift */; };
		736CFC5A22B3B9430071EA3B /* GameScene.swift in Sources */ = {isa = PBXBuildFile; fileRef = 736CFC5922B3B9430071EA3B /* GameScene.swift */; };
		736CFC5C22B3B9430071EA3B /* GameViewController.swift in Sources */ = {isa = PBXBuildFile; fileRef = 736CFC5B22B3B9430071EA3B /* GameViewController.swift */; };
		736CFC5F22B3B9430071EA3B /* Main.storyboard in Resources */ = {isa = PBXBuildFile; fileRef = 736CFC5D22B3B9430071EA3B /* Main.storyboard */; };
		736CFC6122B3B9440071EA3B /* Assets.xcassets in Resources */ = {isa = PBXBuildFile; fileRef = 736CFC6022B3B9440071EA3B /* Assets.xcassets */; };
		736CFC6422B3B9440071EA3B /* LaunchScreen.storyboard in Resources */ = {isa = PBXBuildFile; fileRef = 736CFC6222B3B9440071EA3B /* LaunchScreen.storyboard */; };
		736CFC6F22B3B9440071EA3B /* Fitness_InvadersTests.swift in Sources */ = {isa = PBXBuildFile; fileRef = 736CFC6E22B3B9440071EA3B /* Fitness_InvadersTests.swift */; };
		736CFC7A22B3B9440071EA3B /* Fitness_InvadersUITests.swift in Sources */ = {isa = PBXBuildFile; fileRef = 736CFC7922B3B9440071EA3B /* Fitness_InvadersUITests.swift */; };
		737373BE22B52FAF00698DD4 /* GameOverScene.swift in Sources */ = {isa = PBXBuildFile; fileRef = 737373BD22B52FAF00698DD4 /* GameOverScene.swift */; };
		7376BAFC22E5B80100E14CB1 /* FitnessInvaders.xcdatamodeld in Sources */ = {isa = PBXBuildFile; fileRef = 7376BAFA22E5B80100E14CB1 /* FitnessInvaders.xcdatamodeld */; };
		7376BAFE22E5BA2A00E14CB1 /* GoogleService-Info.plist in Resources */ = {isa = PBXBuildFile; fileRef = 7376BAFD22E5BA2A00E14CB1 /* GoogleService-Info.plist */; };
		7376BAFF22E5BA2A00E14CB1 /* GoogleService-Info.plist in Resources */ = {isa = PBXBuildFile; fileRef = 7376BAFD22E5BA2A00E14CB1 /* GoogleService-Info.plist */; };
		7376BB0022E5BA2A00E14CB1 /* GoogleService-Info.plist in Resources */ = {isa = PBXBuildFile; fileRef = 7376BAFD22E5BA2A00E14CB1 /* GoogleService-Info.plist */; };
		7376BB0322E5BC6100E14CB1 /* MainViewController.swift in Sources */ = {isa = PBXBuildFile; fileRef = 7376BB0222E5BC6100E14CB1 /* MainViewController.swift */; };
		7384D5FD22E85B990040779A /* Ship.png in Resources */ = {isa = PBXBuildFile; fileRef = 7384D5FC22E85B990040779A /* Ship.png */; };
		7384D60522E86DC80040779A /* Shield.png in Resources */ = {isa = PBXBuildFile; fileRef = 7384D60422E86DC80040779A /* Shield.png */; };
		73AA134C22E7389800BB14BC /* Constants.swift in Sources */ = {isa = PBXBuildFile; fileRef = 73AA134B22E7389800BB14BC /* Constants.swift */; };
		73AA135022E73C2B00BB14BC /* dumbbell.png in Resources */ = {isa = PBXBuildFile; fileRef = 73AA134F22E73C2B00BB14BC /* dumbbell.png */; };
		73DFC0FE22E5CA62002EE8AF /* CoreDataStack.swift in Sources */ = {isa = PBXBuildFile; fileRef = 73DFC0FD22E5CA62002EE8AF /* CoreDataStack.swift */; };
		96048490B7D663F1AAAF244F /* Pods_Fitness_Invaders.framework in Frameworks */ = {isa = PBXBuildFile; fileRef = 5B2F0CB2347BCB9FF9281346 /* Pods_Fitness_Invaders.framework */; };
		A924CFB1730652CC1B37D8B9 /* Pods_Fitness_InvadersTests.framework in Frameworks */ = {isa = PBXBuildFile; fileRef = 68CF6546A1C043E32DFB2F6C /* Pods_Fitness_InvadersTests.framework */; };
		FF5AB608FAFE385842C41D80 /* Pods_Fitness_InvadersUITests.framework in Frameworks */ = {isa = PBXBuildFile; fileRef = CA47B4117A3291EF492C6309 /* Pods_Fitness_InvadersUITests.framework */; };
/* End PBXBuildFile section */

/* Begin PBXContainerItemProxy section */
		736CFC6B22B3B9440071EA3B /* PBXContainerItemProxy */ = {
			isa = PBXContainerItemProxy;
			containerPortal = 736CFC4822B3B9430071EA3B /* Project object */;
			proxyType = 1;
			remoteGlobalIDString = 736CFC4F22B3B9430071EA3B;
			remoteInfo = "Fitness Invaders";
		};
		736CFC7622B3B9440071EA3B /* PBXContainerItemProxy */ = {
			isa = PBXContainerItemProxy;
			containerPortal = 736CFC4822B3B9430071EA3B /* Project object */;
			proxyType = 1;
			remoteGlobalIDString = 736CFC4F22B3B9430071EA3B;
			remoteInfo = "Fitness Invaders";
		};
/* End PBXContainerItemProxy section */

/* Begin PBXFileReference section */
		1343F9B3A87214AD8721BBE3 /* Pods-Fitness Invaders.debug.xcconfig */ = {isa = PBXFileReference; includeInIndex = 1; lastKnownFileType = text.xcconfig; name = "Pods-Fitness Invaders.debug.xcconfig"; path = "Target Support Files/Pods-Fitness Invaders/Pods-Fitness Invaders.debug.xcconfig"; sourceTree = "<group>"; };
		148A03C2EE149CCD5902C3C4 /* Pods-Fitness Invaders.release.xcconfig */ = {isa = PBXFileReference; includeInIndex = 1; lastKnownFileType = text.xcconfig; name = "Pods-Fitness Invaders.release.xcconfig"; path = "Target Support Files/Pods-Fitness Invaders/Pods-Fitness Invaders.release.xcconfig"; sourceTree = "<group>"; };
		4BDCDDEF7A357A49A99B55D7 /* Pods-Fitness InvadersTests.release.xcconfig */ = {isa = PBXFileReference; includeInIndex = 1; lastKnownFileType = text.xcconfig; name = "Pods-Fitness InvadersTests.release.xcconfig"; path = "Target Support Files/Pods-Fitness InvadersTests/Pods-Fitness InvadersTests.release.xcconfig"; sourceTree = "<group>"; };
		5B2F0CB2347BCB9FF9281346 /* Pods_Fitness_Invaders.framework */ = {isa = PBXFileReference; explicitFileType = wrapper.framework; includeInIndex = 0; path = Pods_Fitness_Invaders.framework; sourceTree = BUILT_PRODUCTS_DIR; };
		68CF6546A1C043E32DFB2F6C /* Pods_Fitness_InvadersTests.framework */ = {isa = PBXFileReference; explicitFileType = wrapper.framework; includeInIndex = 0; path = Pods_Fitness_InvadersTests.framework; sourceTree = BUILT_PRODUCTS_DIR; };
		730BE65822E8998500B0C6D5 /* BombSpriteNode.swift */ = {isa = PBXFileReference; lastKnownFileType = sourcecode.swift; path = BombSpriteNode.swift; sourceTree = "<group>"; };
		730BE65E22E8A92E00B0C6D5 /* StandardBomb.png */ = {isa = PBXFileReference; lastKnownFileType = image.png; path = StandardBomb.png; sourceTree = "<group>"; };
		730BE66022E8AA3F00B0C6D5 /* biggerBomb.png */ = {isa = PBXFileReference; lastKnownFileType = image.png; path = biggerBomb.png; sourceTree = "<group>"; };
		730BE66222E8AC0600B0C6D5 /* biggestBomb.png */ = {isa = PBXFileReference; lastKnownFileType = image.png; path = biggestBomb.png; sourceTree = "<group>"; };
		730BE66422E8BA1E00B0C6D5 /* NextLevelScene.swift */ = {isa = PBXFileReference; lastKnownFileType = sourcecode.swift; path = NextLevelScene.swift; sourceTree = "<group>"; };
		730BE66622E8BA8B00B0C6D5 /* GameState.swift */ = {isa = PBXFileReference; lastKnownFileType = sourcecode.swift; path = GameState.swift; sourceTree = "<group>"; };
		736CFC5022B3B9430071EA3B /* Fitness Invaders.app */ = {isa = PBXFileReference; explicitFileType = wrapper.application; includeInIndex = 0; path = "Fitness Invaders.app"; sourceTree = BUILT_PRODUCTS_DIR; };
		736CFC5322B3B9430071EA3B /* AppDelegate.swift */ = {isa = PBXFileReference; lastKnownFileType = sourcecode.swift; path = AppDelegate.swift; sourceTree = "<group>"; };
		736CFC5922B3B9430071EA3B /* GameScene.swift */ = {isa = PBXFileReference; lastKnownFileType = sourcecode.swift; path = GameScene.swift; sourceTree = "<group>"; };
		736CFC5B22B3B9430071EA3B /* GameViewController.swift */ = {isa = PBXFileReference; lastKnownFileType = sourcecode.swift; path = GameViewController.swift; sourceTree = "<group>"; };
		736CFC5E22B3B9430071EA3B /* Base */ = {isa = PBXFileReference; lastKnownFileType = file.storyboard; name = Base; path = Base.lproj/Main.storyboard; sourceTree = "<group>"; };
		736CFC6022B3B9440071EA3B /* Assets.xcassets */ = {isa = PBXFileReference; lastKnownFileType = folder.assetcatalog; path = Assets.xcassets; sourceTree = "<group>"; };
		736CFC6322B3B9440071EA3B /* Base */ = {isa = PBXFileReference; lastKnownFileType = file.storyboard; name = Base; path = Base.lproj/LaunchScreen.storyboard; sourceTree = "<group>"; };
		736CFC6522B3B9440071EA3B /* Info.plist */ = {isa = PBXFileReference; lastKnownFileType = text.plist.xml; path = Info.plist; sourceTree = "<group>"; };
		736CFC6A22B3B9440071EA3B /* Fitness InvadersTests.xctest */ = {isa = PBXFileReference; explicitFileType = wrapper.cfbundle; includeInIndex = 0; path = "Fitness InvadersTests.xctest"; sourceTree = BUILT_PRODUCTS_DIR; };
		736CFC6E22B3B9440071EA3B /* Fitness_InvadersTests.swift */ = {isa = PBXFileReference; lastKnownFileType = sourcecode.swift; path = Fitness_InvadersTests.swift; sourceTree = "<group>"; };
		736CFC7022B3B9440071EA3B /* Info.plist */ = {isa = PBXFileReference; lastKnownFileType = text.plist.xml; path = Info.plist; sourceTree = "<group>"; };
		736CFC7522B3B9440071EA3B /* Fitness InvadersUITests.xctest */ = {isa = PBXFileReference; explicitFileType = wrapper.cfbundle; includeInIndex = 0; path = "Fitness InvadersUITests.xctest"; sourceTree = BUILT_PRODUCTS_DIR; };
		736CFC7922B3B9440071EA3B /* Fitness_InvadersUITests.swift */ = {isa = PBXFileReference; lastKnownFileType = sourcecode.swift; path = Fitness_InvadersUITests.swift; sourceTree = "<group>"; };
		736CFC7B22B3B9440071EA3B /* Info.plist */ = {isa = PBXFileReference; lastKnownFileType = text.plist.xml; path = Info.plist; sourceTree = "<group>"; };
		737373BD22B52FAF00698DD4 /* GameOverScene.swift */ = {isa = PBXFileReference; lastKnownFileType = sourcecode.swift; path = GameOverScene.swift; sourceTree = "<group>"; };
		7376BAFB22E5B80100E14CB1 /* FitnessInvaders.xcdatamodel */ = {isa = PBXFileReference; lastKnownFileType = wrapper.xcdatamodel; path = FitnessInvaders.xcdatamodel; sourceTree = "<group>"; };
		7376BAFD22E5BA2A00E14CB1 /* GoogleService-Info.plist */ = {isa = PBXFileReference; fileEncoding = 4; lastKnownFileType = text.plist.xml; path = "GoogleService-Info.plist"; sourceTree = "<group>"; };
		7376BB0222E5BC6100E14CB1 /* MainViewController.swift */ = {isa = PBXFileReference; lastKnownFileType = sourcecode.swift; path = MainViewController.swift; sourceTree = "<group>"; };
		7384D5FC22E85B990040779A /* Ship.png */ = {isa = PBXFileReference; lastKnownFileType = image.png; path = Ship.png; sourceTree = "<group>"; };
		7384D60422E86DC80040779A /* Shield.png */ = {isa = PBXFileReference; lastKnownFileType = image.png; path = Shield.png; sourceTree = "<group>"; };
		73AA134B22E7389800BB14BC /* Constants.swift */ = {isa = PBXFileReference; lastKnownFileType = sourcecode.swift; path = Constants.swift; sourceTree = "<group>"; };
		73AA134F22E73C2B00BB14BC /* dumbbell.png */ = {isa = PBXFileReference; lastKnownFileType = image.png; path = dumbbell.png; sourceTree = "<group>"; };
		73DFC0FD22E5CA62002EE8AF /* CoreDataStack.swift */ = {isa = PBXFileReference; lastKnownFileType = sourcecode.swift; path = CoreDataStack.swift; sourceTree = "<group>"; };
		7C9FE98583433DE2D1CB0254 /* Pods-Fitness InvadersUITests.release.xcconfig */ = {isa = PBXFileReference; includeInIndex = 1; lastKnownFileType = text.xcconfig; name = "Pods-Fitness InvadersUITests.release.xcconfig"; path = "Target Support Files/Pods-Fitness InvadersUITests/Pods-Fitness InvadersUITests.release.xcconfig"; sourceTree = "<group>"; };
		B3FCCF349702D9BC87EF3F38 /* Pods-Fitness InvadersTests.debug.xcconfig */ = {isa = PBXFileReference; includeInIndex = 1; lastKnownFileType = text.xcconfig; name = "Pods-Fitness InvadersTests.debug.xcconfig"; path = "Target Support Files/Pods-Fitness InvadersTests/Pods-Fitness InvadersTests.debug.xcconfig"; sourceTree = "<group>"; };
		CA47B4117A3291EF492C6309 /* Pods_Fitness_InvadersUITests.framework */ = {isa = PBXFileReference; explicitFileType = wrapper.framework; includeInIndex = 0; path = Pods_Fitness_InvadersUITests.framework; sourceTree = BUILT_PRODUCTS_DIR; };
		F7C945691626A9E82C427EAC /* Pods-Fitness InvadersUITests.debug.xcconfig */ = {isa = PBXFileReference; includeInIndex = 1; lastKnownFileType = text.xcconfig; name = "Pods-Fitness InvadersUITests.debug.xcconfig"; path = "Target Support Files/Pods-Fitness InvadersUITests/Pods-Fitness InvadersUITests.debug.xcconfig"; sourceTree = "<group>"; };
/* End PBXFileReference section */

/* Begin PBXFrameworksBuildPhase section */
		736CFC4D22B3B9430071EA3B /* Frameworks */ = {
			isa = PBXFrameworksBuildPhase;
			buildActionMask = 2147483647;
			files = (
				96048490B7D663F1AAAF244F /* Pods_Fitness_Invaders.framework in Frameworks */,
			);
			runOnlyForDeploymentPostprocessing = 0;
		};
		736CFC6722B3B9440071EA3B /* Frameworks */ = {
			isa = PBXFrameworksBuildPhase;
			buildActionMask = 2147483647;
			files = (
				A924CFB1730652CC1B37D8B9 /* Pods_Fitness_InvadersTests.framework in Frameworks */,
			);
			runOnlyForDeploymentPostprocessing = 0;
		};
		736CFC7222B3B9440071EA3B /* Frameworks */ = {
			isa = PBXFrameworksBuildPhase;
			buildActionMask = 2147483647;
			files = (
				FF5AB608FAFE385842C41D80 /* Pods_Fitness_InvadersUITests.framework in Frameworks */,
			);
			runOnlyForDeploymentPostprocessing = 0;
		};
/* End PBXFrameworksBuildPhase section */

/* Begin PBXGroup section */
		044D8EC86D349BF95C299481 /* Frameworks */ = {
			isa = PBXGroup;
			children = (
				5B2F0CB2347BCB9FF9281346 /* Pods_Fitness_Invaders.framework */,
				68CF6546A1C043E32DFB2F6C /* Pods_Fitness_InvadersTests.framework */,
				CA47B4117A3291EF492C6309 /* Pods_Fitness_InvadersUITests.framework */,
			);
			name = Frameworks;
			sourceTree = "<group>";
		};
		25690206BD88DED29A3C58F0 /* Pods */ = {
			isa = PBXGroup;
			children = (
				1343F9B3A87214AD8721BBE3 /* Pods-Fitness Invaders.debug.xcconfig */,
				148A03C2EE149CCD5902C3C4 /* Pods-Fitness Invaders.release.xcconfig */,
				B3FCCF349702D9BC87EF3F38 /* Pods-Fitness InvadersTests.debug.xcconfig */,
				4BDCDDEF7A357A49A99B55D7 /* Pods-Fitness InvadersTests.release.xcconfig */,
				F7C945691626A9E82C427EAC /* Pods-Fitness InvadersUITests.debug.xcconfig */,
				7C9FE98583433DE2D1CB0254 /* Pods-Fitness InvadersUITests.release.xcconfig */,
			);
			path = Pods;
			sourceTree = "<group>";
		};
		736CFC4722B3B9430071EA3B = {
			isa = PBXGroup;
			children = (
				73F1985722B97FA700DD9E26 /* sprite images */,
				736CFC5222B3B9430071EA3B /* Fitness Invaders */,
				736CFC6D22B3B9440071EA3B /* Fitness InvadersTests */,
				736CFC7822B3B9440071EA3B /* Fitness InvadersUITests */,
				736CFC5122B3B9430071EA3B /* Products */,
				25690206BD88DED29A3C58F0 /* Pods */,
				044D8EC86D349BF95C299481 /* Frameworks */,
			);
			sourceTree = "<group>";
		};
		736CFC5122B3B9430071EA3B /* Products */ = {
			isa = PBXGroup;
			children = (
				736CFC5022B3B9430071EA3B /* Fitness Invaders.app */,
				736CFC6A22B3B9440071EA3B /* Fitness InvadersTests.xctest */,
				736CFC7522B3B9440071EA3B /* Fitness InvadersUITests.xctest */,
			);
			name = Products;
			sourceTree = "<group>";
		};
		736CFC5222B3B9430071EA3B /* Fitness Invaders */ = {
			isa = PBXGroup;
			children = (
				73AA134F22E73C2B00BB14BC /* dumbbell.png */,
				7384D5FC22E85B990040779A /* Ship.png */,
				7384D60422E86DC80040779A /* Shield.png */,
				730BE66022E8AA3F00B0C6D5 /* biggerBomb.png */,
				730BE65E22E8A92E00B0C6D5 /* StandardBomb.png */,
				730BE66222E8AC0600B0C6D5 /* biggestBomb.png */,
				7376BB0122E5BC4B00E14CB1 /* view controllers */,
				7376BAF922E5B7E100E14CB1 /* model */,
				736CFC5322B3B9430071EA3B /* AppDelegate.swift */,
				736CFC5922B3B9430071EA3B /* GameScene.swift */,
				730BE66622E8BA8B00B0C6D5 /* GameState.swift */,
				736CFC5D22B3B9430071EA3B /* Main.storyboard */,
				736CFC6022B3B9440071EA3B /* Assets.xcassets */,
				736CFC6222B3B9440071EA3B /* LaunchScreen.storyboard */,
				736CFC6522B3B9440071EA3B /* Info.plist */,
				7376BAFD22E5BA2A00E14CB1 /* GoogleService-Info.plist */,
				737373BD22B52FAF00698DD4 /* GameOverScene.swift */,
				73AA134B22E7389800BB14BC /* Constants.swift */,
				730BE65822E8998500B0C6D5 /* BombSpriteNode.swift */,
				730BE66422E8BA1E00B0C6D5 /* NextLevelScene.swift */,
			);
			path = "Fitness Invaders";
			sourceTree = "<group>";
		};
		736CFC6D22B3B9440071EA3B /* Fitness InvadersTests */ = {
			isa = PBXGroup;
			children = (
				736CFC6E22B3B9440071EA3B /* Fitness_InvadersTests.swift */,
				736CFC7022B3B9440071EA3B /* Info.plist */,
			);
			path = "Fitness InvadersTests";
			sourceTree = "<group>";
		};
		736CFC7822B3B9440071EA3B /* Fitness InvadersUITests */ = {
			isa = PBXGroup;
			children = (
				736CFC7922B3B9440071EA3B /* Fitness_InvadersUITests.swift */,
				736CFC7B22B3B9440071EA3B /* Info.plist */,
			);
			path = "Fitness InvadersUITests";
			sourceTree = "<group>";
		};
		7376BAF922E5B7E100E14CB1 /* model */ = {
			isa = PBXGroup;
			children = (
				7376BAFA22E5B80100E14CB1 /* FitnessInvaders.xcdatamodeld */,
				73DFC0FD22E5CA62002EE8AF /* CoreDataStack.swift */,
			);
			path = model;
			sourceTree = "<group>";
		};
		7376BB0122E5BC4B00E14CB1 /* view controllers */ = {
			isa = PBXGroup;
			children = (
				736CFC5B22B3B9430071EA3B /* GameViewController.swift */,
				7376BB0222E5BC6100E14CB1 /* MainViewController.swift */,
			);
			path = "view controllers";
			sourceTree = "<group>";
		};
		73F1985722B97FA700DD9E26 /* sprite images */ = {
			isa = PBXGroup;
			children = (
			);
			path = "sprite images";
			sourceTree = "<group>";
		};
/* End PBXGroup section */

/* Begin PBXNativeTarget section */
		736CFC4F22B3B9430071EA3B /* Fitness Invaders */ = {
			isa = PBXNativeTarget;
			buildConfigurationList = 736CFC7E22B3B9440071EA3B /* Build configuration list for PBXNativeTarget "Fitness Invaders" */;
			buildPhases = (
				6F9AD07A0F1282BB6FA86815 /* [CP] Check Pods Manifest.lock */,
				736CFC4C22B3B9430071EA3B /* Sources */,
				736CFC4D22B3B9430071EA3B /* Frameworks */,
				736CFC4E22B3B9430071EA3B /* Resources */,
				7D58B512E8E0C90C6A672C68 /* [CP] Embed Pods Frameworks */,
				DD469FB4FF5DF96662152743 /* [CP] Copy Pods Resources */,
			);
			buildRules = (
			);
			dependencies = (
			);
			name = "Fitness Invaders";
			productName = "Fitness Invaders";
			productReference = 736CFC5022B3B9430071EA3B /* Fitness Invaders.app */;
			productType = "com.apple.product-type.application";
		};
		736CFC6922B3B9440071EA3B /* Fitness InvadersTests */ = {
			isa = PBXNativeTarget;
			buildConfigurationList = 736CFC8122B3B9440071EA3B /* Build configuration list for PBXNativeTarget "Fitness InvadersTests" */;
			buildPhases = (
				49FD7B87112D9BF49F8C773C /* [CP] Check Pods Manifest.lock */,
				736CFC6622B3B9440071EA3B /* Sources */,
				736CFC6722B3B9440071EA3B /* Frameworks */,
				736CFC6822B3B9440071EA3B /* Resources */,
			);
			buildRules = (
			);
			dependencies = (
				736CFC6C22B3B9440071EA3B /* PBXTargetDependency */,
			);
			name = "Fitness InvadersTests";
			productName = "Fitness InvadersTests";
			productReference = 736CFC6A22B3B9440071EA3B /* Fitness InvadersTests.xctest */;
			productType = "com.apple.product-type.bundle.unit-test";
		};
		736CFC7422B3B9440071EA3B /* Fitness InvadersUITests */ = {
			isa = PBXNativeTarget;
			buildConfigurationList = 736CFC8422B3B9440071EA3B /* Build configuration list for PBXNativeTarget "Fitness InvadersUITests" */;
			buildPhases = (
				2ED08304B677EA902F3C4B34 /* [CP] Check Pods Manifest.lock */,
				736CFC7122B3B9440071EA3B /* Sources */,
				736CFC7222B3B9440071EA3B /* Frameworks */,
				736CFC7322B3B9440071EA3B /* Resources */,
			);
			buildRules = (
			);
			dependencies = (
				736CFC7722B3B9440071EA3B /* PBXTargetDependency */,
			);
			name = "Fitness InvadersUITests";
			productName = "Fitness InvadersUITests";
			productReference = 736CFC7522B3B9440071EA3B /* Fitness InvadersUITests.xctest */;
			productType = "com.apple.product-type.bundle.ui-testing";
		};
/* End PBXNativeTarget section */

/* Begin PBXProject section */
		736CFC4822B3B9430071EA3B /* Project object */ = {
			isa = PBXProject;
			attributes = {
				LastSwiftUpdateCheck = 1020;
				LastUpgradeCheck = 1020;
				ORGANIZATIONNAME = "Steven Lord";
				TargetAttributes = {
					736CFC4F22B3B9430071EA3B = {
						CreatedOnToolsVersion = 10.2.1;
					};
					736CFC6922B3B9440071EA3B = {
						CreatedOnToolsVersion = 10.2.1;
						TestTargetID = 736CFC4F22B3B9430071EA3B;
					};
					736CFC7422B3B9440071EA3B = {
						CreatedOnToolsVersion = 10.2.1;
						TestTargetID = 736CFC4F22B3B9430071EA3B;
					};
				};
			};
			buildConfigurationList = 736CFC4B22B3B9430071EA3B /* Build configuration list for PBXProject "Fitness Invaders" */;
			compatibilityVersion = "Xcode 9.3";
			developmentRegion = en;
			hasScannedForEncodings = 0;
			knownRegions = (
				en,
				Base,
			);
			mainGroup = 736CFC4722B3B9430071EA3B;
			productRefGroup = 736CFC5122B3B9430071EA3B /* Products */;
			projectDirPath = "";
			projectRoot = "";
			targets = (
				736CFC4F22B3B9430071EA3B /* Fitness Invaders */,
				736CFC6922B3B9440071EA3B /* Fitness InvadersTests */,
				736CFC7422B3B9440071EA3B /* Fitness InvadersUITests */,
			);
		};
/* End PBXProject section */

/* Begin PBXResourcesBuildPhase section */
		736CFC4E22B3B9430071EA3B /* Resources */ = {
			isa = PBXResourcesBuildPhase;
			buildActionMask = 2147483647;
			files = (
				7376BAFE22E5BA2A00E14CB1 /* GoogleService-Info.plist in Resources */,
				736CFC5F22B3B9430071EA3B /* Main.storyboard in Resources */,
				730BE66122E8AA3F00B0C6D5 /* biggerBomb.png in Resources */,
				730BE65F22E8A92E00B0C6D5 /* StandardBomb.png in Resources */,
				736CFC6122B3B9440071EA3B /* Assets.xcassets in Resources */,
				7384D5FD22E85B990040779A /* Ship.png in Resources */,
				736CFC6422B3B9440071EA3B /* LaunchScreen.storyboard in Resources */,
				730BE66322E8AC0600B0C6D5 /* biggestBomb.png in Resources */,
				73AA135022E73C2B00BB14BC /* dumbbell.png in Resources */,
				7384D60522E86DC80040779A /* Shield.png in Resources */,
			);
			runOnlyForDeploymentPostprocessing = 0;
		};
		736CFC6822B3B9440071EA3B /* Resources */ = {
			isa = PBXResourcesBuildPhase;
			buildActionMask = 2147483647;
			files = (
				7376BAFF22E5BA2A00E14CB1 /* GoogleService-Info.plist in Resources */,
			);
			runOnlyForDeploymentPostprocessing = 0;
		};
		736CFC7322B3B9440071EA3B /* Resources */ = {
			isa = PBXResourcesBuildPhase;
			buildActionMask = 2147483647;
			files = (
				7376BB0022E5BA2A00E14CB1 /* GoogleService-Info.plist in Resources */,
			);
			runOnlyForDeploymentPostprocessing = 0;
		};
/* End PBXResourcesBuildPhase section */

/* Begin PBXShellScriptBuildPhase section */
		2ED08304B677EA902F3C4B34 /* [CP] Check Pods Manifest.lock */ = {
			isa = PBXShellScriptBuildPhase;
			buildActionMask = 2147483647;
			files = (
			);
			inputFileListPaths = (
			);
			inputPaths = (
				"${PODS_PODFILE_DIR_PATH}/Podfile.lock",
				"${PODS_ROOT}/Manifest.lock",
			);
			name = "[CP] Check Pods Manifest.lock";
			outputFileListPaths = (
			);
			outputPaths = (
				"$(DERIVED_FILE_DIR)/Pods-Fitness InvadersUITests-checkManifestLockResult.txt",
			);
			runOnlyForDeploymentPostprocessing = 0;
			shellPath = /bin/sh;
			shellScript = "diff \"${PODS_PODFILE_DIR_PATH}/Podfile.lock\" \"${PODS_ROOT}/Manifest.lock\" > /dev/null\nif [ $? != 0 ] ; then\n    # print error to STDERR\n    echo \"error: The sandbox is not in sync with the Podfile.lock. Run 'pod install' or update your CocoaPods installation.\" >&2\n    exit 1\nfi\n# This output is used by Xcode 'outputs' to avoid re-running this script phase.\necho \"SUCCESS\" > \"${SCRIPT_OUTPUT_FILE_0}\"\n";
			showEnvVarsInLog = 0;
		};
		49FD7B87112D9BF49F8C773C /* [CP] Check Pods Manifest.lock */ = {
			isa = PBXShellScriptBuildPhase;
			buildActionMask = 2147483647;
			files = (
			);
			inputFileListPaths = (
			);
			inputPaths = (
				"${PODS_PODFILE_DIR_PATH}/Podfile.lock",
				"${PODS_ROOT}/Manifest.lock",
			);
			name = "[CP] Check Pods Manifest.lock";
			outputFileListPaths = (
			);
			outputPaths = (
				"$(DERIVED_FILE_DIR)/Pods-Fitness InvadersTests-checkManifestLockResult.txt",
			);
			runOnlyForDeploymentPostprocessing = 0;
			shellPath = /bin/sh;
			shellScript = "diff \"${PODS_PODFILE_DIR_PATH}/Podfile.lock\" \"${PODS_ROOT}/Manifest.lock\" > /dev/null\nif [ $? != 0 ] ; then\n    # print error to STDERR\n    echo \"error: The sandbox is not in sync with the Podfile.lock. Run 'pod install' or update your CocoaPods installation.\" >&2\n    exit 1\nfi\n# This output is used by Xcode 'outputs' to avoid re-running this script phase.\necho \"SUCCESS\" > \"${SCRIPT_OUTPUT_FILE_0}\"\n";
			showEnvVarsInLog = 0;
		};
		6F9AD07A0F1282BB6FA86815 /* [CP] Check Pods Manifest.lock */ = {
			isa = PBXShellScriptBuildPhase;
			buildActionMask = 2147483647;
			files = (
			);
			inputFileListPaths = (
			);
			inputPaths = (
				"${PODS_PODFILE_DIR_PATH}/Podfile.lock",
				"${PODS_ROOT}/Manifest.lock",
			);
			name = "[CP] Check Pods Manifest.lock";
			outputFileListPaths = (
			);
			outputPaths = (
				"$(DERIVED_FILE_DIR)/Pods-Fitness Invaders-checkManifestLockResult.txt",
			);
			runOnlyForDeploymentPostprocessing = 0;
			shellPath = /bin/sh;
			shellScript = "diff \"${PODS_PODFILE_DIR_PATH}/Podfile.lock\" \"${PODS_ROOT}/Manifest.lock\" > /dev/null\nif [ $? != 0 ] ; then\n    # print error to STDERR\n    echo \"error: The sandbox is not in sync with the Podfile.lock. Run 'pod install' or update your CocoaPods installation.\" >&2\n    exit 1\nfi\n# This output is used by Xcode 'outputs' to avoid re-running this script phase.\necho \"SUCCESS\" > \"${SCRIPT_OUTPUT_FILE_0}\"\n";
			showEnvVarsInLog = 0;
		};
		7D58B512E8E0C90C6A672C68 /* [CP] Embed Pods Frameworks */ = {
			isa = PBXShellScriptBuildPhase;
			buildActionMask = 2147483647;
			files = (
			);
			inputFileListPaths = (
				"${PODS_ROOT}/Target Support Files/Pods-Fitness Invaders/Pods-Fitness Invaders-frameworks-${CONFIGURATION}-input-files.xcfilelist",
			);
			name = "[CP] Embed Pods Frameworks";
			outputFileListPaths = (
				"${PODS_ROOT}/Target Support Files/Pods-Fitness Invaders/Pods-Fitness Invaders-frameworks-${CONFIGURATION}-output-files.xcfilelist",
			);
			runOnlyForDeploymentPostprocessing = 0;
			shellPath = /bin/sh;
			shellScript = "\"${PODS_ROOT}/Target Support Files/Pods-Fitness Invaders/Pods-Fitness Invaders-frameworks.sh\"\n";
			showEnvVarsInLog = 0;
		};
		DD469FB4FF5DF96662152743 /* [CP] Copy Pods Resources */ = {
			isa = PBXShellScriptBuildPhase;
			buildActionMask = 2147483647;
			files = (
			);
			inputFileListPaths = (
				"${PODS_ROOT}/Target Support Files/Pods-Fitness Invaders/Pods-Fitness Invaders-resources-${CONFIGURATION}-input-files.xcfilelist",
			);
			name = "[CP] Copy Pods Resources";
			outputFileListPaths = (
				"${PODS_ROOT}/Target Support Files/Pods-Fitness Invaders/Pods-Fitness Invaders-resources-${CONFIGURATION}-output-files.xcfilelist",
			);
			runOnlyForDeploymentPostprocessing = 0;
			shellPath = /bin/sh;
			shellScript = "\"${PODS_ROOT}/Target Support Files/Pods-Fitness Invaders/Pods-Fitness Invaders-resources.sh\"\n";
			showEnvVarsInLog = 0;
		};
/* End PBXShellScriptBuildPhase section */

/* Begin PBXSourcesBuildPhase section */
		736CFC4C22B3B9430071EA3B /* Sources */ = {
			isa = PBXSourcesBuildPhase;
			buildActionMask = 2147483647;
			files = (
				730BE66522E8BA1E00B0C6D5 /* NextLevelScene.swift in Sources */,
				73DFC0FE22E5CA62002EE8AF /* CoreDataStack.swift in Sources */,
				730BE65922E8998500B0C6D5 /* BombSpriteNode.swift in Sources */,
				736CFC5A22B3B9430071EA3B /* GameScene.swift in Sources */,
				736CFC5C22B3B9430071EA3B /* GameViewController.swift in Sources */,
				737373BE22B52FAF00698DD4 /* GameOverScene.swift in Sources */,
				7376BB0322E5BC6100E14CB1 /* MainViewController.swift in Sources */,
				7376BAFC22E5B80100E14CB1 /* FitnessInvaders.xcdatamodeld in Sources */,
				736CFC5422B3B9430071EA3B /* AppDelegate.swift in Sources */,
				73AA134C22E7389800BB14BC /* Constants.swift in Sources */,
				730BE66722E8BA8B00B0C6D5 /* GameState.swift in Sources */,
			);
			runOnlyForDeploymentPostprocessing = 0;
		};
		736CFC6622B3B9440071EA3B /* Sources */ = {
			isa = PBXSourcesBuildPhase;
			buildActionMask = 2147483647;
			files = (
				736CFC6F22B3B9440071EA3B /* Fitness_InvadersTests.swift in Sources */,
			);
			runOnlyForDeploymentPostprocessing = 0;
		};
		736CFC7122B3B9440071EA3B /* Sources */ = {
			isa = PBXSourcesBuildPhase;
			buildActionMask = 2147483647;
			files = (
				736CFC7A22B3B9440071EA3B /* Fitness_InvadersUITests.swift in Sources */,
			);
			runOnlyForDeploymentPostprocessing = 0;
		};
/* End PBXSourcesBuildPhase section */

/* Begin PBXTargetDependency section */
		736CFC6C22B3B9440071EA3B /* PBXTargetDependency */ = {
			isa = PBXTargetDependency;
			target = 736CFC4F22B3B9430071EA3B /* Fitness Invaders */;
			targetProxy = 736CFC6B22B3B9440071EA3B /* PBXContainerItemProxy */;
		};
		736CFC7722B3B9440071EA3B /* PBXTargetDependency */ = {
			isa = PBXTargetDependency;
			target = 736CFC4F22B3B9430071EA3B /* Fitness Invaders */;
			targetProxy = 736CFC7622B3B9440071EA3B /* PBXContainerItemProxy */;
		};
/* End PBXTargetDependency section */

/* Begin PBXVariantGroup section */
		736CFC5D22B3B9430071EA3B /* Main.storyboard */ = {
			isa = PBXVariantGroup;
			children = (
				736CFC5E22B3B9430071EA3B /* Base */,
			);
			name = Main.storyboard;
			sourceTree = "<group>";
		};
		736CFC6222B3B9440071EA3B /* LaunchScreen.storyboard */ = {
			isa = PBXVariantGroup;
			children = (
				736CFC6322B3B9440071EA3B /* Base */,
			);
			name = LaunchScreen.storyboard;
			sourceTree = "<group>";
		};
/* End PBXVariantGroup section */

/* Begin XCBuildConfiguration section */
		736CFC7C22B3B9440071EA3B /* Debug */ = {
			isa = XCBuildConfiguration;
			buildSettings = {
				ALWAYS_SEARCH_USER_PATHS = NO;
				CLANG_ANALYZER_NONNULL = YES;
				CLANG_ANALYZER_NUMBER_OBJECT_CONVERSION = YES_AGGRESSIVE;
				CLANG_CXX_LANGUAGE_STANDARD = "gnu++14";
				CLANG_CXX_LIBRARY = "libc++";
				CLANG_ENABLE_MODULES = YES;
				CLANG_ENABLE_OBJC_ARC = YES;
				CLANG_ENABLE_OBJC_WEAK = YES;
				CLANG_WARN_BLOCK_CAPTURE_AUTORELEASING = YES;
				CLANG_WARN_BOOL_CONVERSION = YES;
				CLANG_WARN_COMMA = YES;
				CLANG_WARN_CONSTANT_CONVERSION = YES;
				CLANG_WARN_DEPRECATED_OBJC_IMPLEMENTATIONS = YES;
				CLANG_WARN_DIRECT_OBJC_ISA_USAGE = YES_ERROR;
				CLANG_WARN_DOCUMENTATION_COMMENTS = YES;
				CLANG_WARN_EMPTY_BODY = YES;
				CLANG_WARN_ENUM_CONVERSION = YES;
				CLANG_WARN_INFINITE_RECURSION = YES;
				CLANG_WARN_INT_CONVERSION = YES;
				CLANG_WARN_NON_LITERAL_NULL_CONVERSION = YES;
				CLANG_WARN_OBJC_IMPLICIT_RETAIN_SELF = YES;
				CLANG_WARN_OBJC_LITERAL_CONVERSION = YES;
				CLANG_WARN_OBJC_ROOT_CLASS = YES_ERROR;
				CLANG_WARN_RANGE_LOOP_ANALYSIS = YES;
				CLANG_WARN_STRICT_PROTOTYPES = YES;
				CLANG_WARN_SUSPICIOUS_MOVE = YES;
				CLANG_WARN_UNGUARDED_AVAILABILITY = YES_AGGRESSIVE;
				CLANG_WARN_UNREACHABLE_CODE = YES;
				CLANG_WARN__DUPLICATE_METHOD_MATCH = YES;
				CODE_SIGN_IDENTITY = "iPhone Developer";
				COPY_PHASE_STRIP = NO;
				DEBUG_INFORMATION_FORMAT = dwarf;
				ENABLE_STRICT_OBJC_MSGSEND = YES;
				ENABLE_TESTABILITY = YES;
				GCC_C_LANGUAGE_STANDARD = gnu11;
				GCC_DYNAMIC_NO_PIC = NO;
				GCC_NO_COMMON_BLOCKS = YES;
				GCC_OPTIMIZATION_LEVEL = 0;
				GCC_PREPROCESSOR_DEFINITIONS = (
					"DEBUG=1",
					"$(inherited)",
				);
				GCC_WARN_64_TO_32_BIT_CONVERSION = YES;
				GCC_WARN_ABOUT_RETURN_TYPE = YES_ERROR;
				GCC_WARN_UNDECLARED_SELECTOR = YES;
				GCC_WARN_UNINITIALIZED_AUTOS = YES_AGGRESSIVE;
				GCC_WARN_UNUSED_FUNCTION = YES;
				GCC_WARN_UNUSED_VARIABLE = YES;
				IPHONEOS_DEPLOYMENT_TARGET = 12.2;
				MTL_ENABLE_DEBUG_INFO = INCLUDE_SOURCE;
				MTL_FAST_MATH = YES;
				ONLY_ACTIVE_ARCH = YES;
				SDKROOT = iphoneos;
				SWIFT_ACTIVE_COMPILATION_CONDITIONS = DEBUG;
				SWIFT_OPTIMIZATION_LEVEL = "-Onone";
			};
			name = Debug;
		};
		736CFC7D22B3B9440071EA3B /* Release */ = {
			isa = XCBuildConfiguration;
			buildSettings = {
				ALWAYS_SEARCH_USER_PATHS = NO;
				CLANG_ANALYZER_NONNULL = YES;
				CLANG_ANALYZER_NUMBER_OBJECT_CONVERSION = YES_AGGRESSIVE;
				CLANG_CXX_LANGUAGE_STANDARD = "gnu++14";
				CLANG_CXX_LIBRARY = "libc++";
				CLANG_ENABLE_MODULES = YES;
				CLANG_ENABLE_OBJC_ARC = YES;
				CLANG_ENABLE_OBJC_WEAK = YES;
				CLANG_WARN_BLOCK_CAPTURE_AUTORELEASING = YES;
				CLANG_WARN_BOOL_CONVERSION = YES;
				CLANG_WARN_COMMA = YES;
				CLANG_WARN_CONSTANT_CONVERSION = YES;
				CLANG_WARN_DEPRECATED_OBJC_IMPLEMENTATIONS = YES;
				CLANG_WARN_DIRECT_OBJC_ISA_USAGE = YES_ERROR;
				CLANG_WARN_DOCUMENTATION_COMMENTS = YES;
				CLANG_WARN_EMPTY_BODY = YES;
				CLANG_WARN_ENUM_CONVERSION = YES;
				CLANG_WARN_INFINITE_RECURSION = YES;
				CLANG_WARN_INT_CONVERSION = YES;
				CLANG_WARN_NON_LITERAL_NULL_CONVERSION = YES;
				CLANG_WARN_OBJC_IMPLICIT_RETAIN_SELF = YES;
				CLANG_WARN_OBJC_LITERAL_CONVERSION = YES;
				CLANG_WARN_OBJC_ROOT_CLASS = YES_ERROR;
				CLANG_WARN_RANGE_LOOP_ANALYSIS = YES;
				CLANG_WARN_STRICT_PROTOTYPES = YES;
				CLANG_WARN_SUSPICIOUS_MOVE = YES;
				CLANG_WARN_UNGUARDED_AVAILABILITY = YES_AGGRESSIVE;
				CLANG_WARN_UNREACHABLE_CODE = YES;
				CLANG_WARN__DUPLICATE_METHOD_MATCH = YES;
				CODE_SIGN_IDENTITY = "iPhone Developer";
				COPY_PHASE_STRIP = NO;
				DEBUG_INFORMATION_FORMAT = "dwarf-with-dsym";
				ENABLE_NS_ASSERTIONS = NO;
				ENABLE_STRICT_OBJC_MSGSEND = YES;
				GCC_C_LANGUAGE_STANDARD = gnu11;
				GCC_NO_COMMON_BLOCKS = YES;
				GCC_WARN_64_TO_32_BIT_CONVERSION = YES;
				GCC_WARN_ABOUT_RETURN_TYPE = YES_ERROR;
				GCC_WARN_UNDECLARED_SELECTOR = YES;
				GCC_WARN_UNINITIALIZED_AUTOS = YES_AGGRESSIVE;
				GCC_WARN_UNUSED_FUNCTION = YES;
				GCC_WARN_UNUSED_VARIABLE = YES;
				IPHONEOS_DEPLOYMENT_TARGET = 12.2;
				MTL_ENABLE_DEBUG_INFO = NO;
				MTL_FAST_MATH = YES;
				SDKROOT = iphoneos;
				SWIFT_COMPILATION_MODE = wholemodule;
				SWIFT_OPTIMIZATION_LEVEL = "-O";
				VALIDATE_PRODUCT = YES;
			};
			name = Release;
		};
		736CFC7F22B3B9440071EA3B /* Debug */ = {
			isa = XCBuildConfiguration;
			baseConfigurationReference = 1343F9B3A87214AD8721BBE3 /* Pods-Fitness Invaders.debug.xcconfig */;
			buildSettings = {
				ASSETCATALOG_COMPILER_APPICON_NAME = AppIcon;
				CODE_SIGN_STYLE = Automatic;
				DEVELOPMENT_TEAM = T58RJPYJ69;
				INFOPLIST_FILE = "Fitness Invaders/Info.plist";
				IPHONEOS_DEPLOYMENT_TARGET = 12.3;
				LD_RUNPATH_SEARCH_PATHS = (
					"$(inherited)",
					"@executable_path/Frameworks",
				);
				PRODUCT_BUNDLE_IDENTIFIER = "uk.me.stevenlord.Fitness-Invaders";
				PRODUCT_NAME = "$(TARGET_NAME)";
				SWIFT_VERSION = 5.0;
				TARGETED_DEVICE_FAMILY = "1,2";
			};
			name = Debug;
		};
		736CFC8022B3B9440071EA3B /* Release */ = {
			isa = XCBuildConfiguration;
			baseConfigurationReference = 148A03C2EE149CCD5902C3C4 /* Pods-Fitness Invaders.release.xcconfig */;
			buildSettings = {
				ASSETCATALOG_COMPILER_APPICON_NAME = AppIcon;
				CODE_SIGN_STYLE = Automatic;
				DEVELOPMENT_TEAM = T58RJPYJ69;
				INFOPLIST_FILE = "Fitness Invaders/Info.plist";
				IPHONEOS_DEPLOYMENT_TARGET = 12.3;
				LD_RUNPATH_SEARCH_PATHS = (
					"$(inherited)",
					"@executable_path/Frameworks",
				);
				PRODUCT_BUNDLE_IDENTIFIER = "uk.me.stevenlord.Fitness-Invaders";
				PRODUCT_NAME = "$(TARGET_NAME)";
				SWIFT_VERSION = 5.0;
				TARGETED_DEVICE_FAMILY = "1,2";
			};
			name = Release;
		};
		736CFC8222B3B9440071EA3B /* Debug */ = {
			isa = XCBuildConfiguration;
			baseConfigurationReference = B3FCCF349702D9BC87EF3F38 /* Pods-Fitness InvadersTests.debug.xcconfig */;
			buildSettings = {
				ALWAYS_EMBED_SWIFT_STANDARD_LIBRARIES = YES;
				BUNDLE_LOADER = "$(TEST_HOST)";
				CODE_SIGN_STYLE = Automatic;
				INFOPLIST_FILE = "Fitness InvadersTests/Info.plist";
				LD_RUNPATH_SEARCH_PATHS = (
					"$(inherited)",
					"@executable_path/Frameworks",
					"@loader_path/Frameworks",
				);
				PRODUCT_BUNDLE_IDENTIFIER = "uk.me.stevenlord.Fitness-InvadersTests";
				PRODUCT_NAME = "$(TARGET_NAME)";
				SWIFT_VERSION = 5.0;
				TARGETED_DEVICE_FAMILY = "1,2";
				TEST_HOST = "$(BUILT_PRODUCTS_DIR)/Fitness Invaders.app/Fitness Invaders";
			};
			name = Debug;
		};
		736CFC8322B3B9440071EA3B /* Release */ = {
			isa = XCBuildConfiguration;
			baseConfigurationReference = 4BDCDDEF7A357A49A99B55D7 /* Pods-Fitness InvadersTests.release.xcconfig */;
			buildSettings = {
				ALWAYS_EMBED_SWIFT_STANDARD_LIBRARIES = YES;
				BUNDLE_LOADER = "$(TEST_HOST)";
				CODE_SIGN_STYLE = Automatic;
				INFOPLIST_FILE = "Fitness InvadersTests/Info.plist";
				LD_RUNPATH_SEARCH_PATHS = (
					"$(inherited)",
					"@executable_path/Frameworks",
					"@loader_path/Frameworks",
				);
				PRODUCT_BUNDLE_IDENTIFIER = "uk.me.stevenlord.Fitness-InvadersTests";
				PRODUCT_NAME = "$(TARGET_NAME)";
				SWIFT_VERSION = 5.0;
				TARGETED_DEVICE_FAMILY = "1,2";
				TEST_HOST = "$(BUILT_PRODUCTS_DIR)/Fitness Invaders.app/Fitness Invaders";
			};
			name = Release;
		};
		736CFC8522B3B9440071EA3B /* Debug */ = {
			isa = XCBuildConfiguration;
			baseConfigurationReference = F7C945691626A9E82C427EAC /* Pods-Fitness InvadersUITests.debug.xcconfig */;
			buildSettings = {
				ALWAYS_EMBED_SWIFT_STANDARD_LIBRARIES = YES;
				CODE_SIGN_STYLE = Automatic;
				INFOPLIST_FILE = "Fitness InvadersUITests/Info.plist";
				LD_RUNPATH_SEARCH_PATHS = (
					"$(inherited)",
					"@executable_path/Frameworks",
					"@loader_path/Frameworks",
				);
				PRODUCT_BUNDLE_IDENTIFIER = "uk.me.stevenlord.Fitness-InvadersUITests";
				PRODUCT_NAME = "$(TARGET_NAME)";
				SWIFT_VERSION = 5.0;
				TARGETED_DEVICE_FAMILY = "1,2";
				TEST_TARGET_NAME = "Fitness Invaders";
			};
			name = Debug;
		};
		736CFC8622B3B9440071EA3B /* Release */ = {
			isa = XCBuildConfiguration;
			baseConfigurationReference = 7C9FE98583433DE2D1CB0254 /* Pods-Fitness InvadersUITests.release.xcconfig */;
			buildSettings = {
				ALWAYS_EMBED_SWIFT_STANDARD_LIBRARIES = YES;
				CODE_SIGN_STYLE = Automatic;
				INFOPLIST_FILE = "Fitness InvadersUITests/Info.plist";
				LD_RUNPATH_SEARCH_PATHS = (
					"$(inherited)",
					"@executable_path/Frameworks",
					"@loader_path/Frameworks",
				);
				PRODUCT_BUNDLE_IDENTIFIER = "uk.me.stevenlord.Fitness-InvadersUITests";
				PRODUCT_NAME = "$(TARGET_NAME)";
				SWIFT_VERSION = 5.0;
				TARGETED_DEVICE_FAMILY = "1,2";
				TEST_TARGET_NAME = "Fitness Invaders";
			};
			name = Release;
		};
/* End XCBuildConfiguration section */

/* Begin XCConfigurationList section */
		736CFC4B22B3B9430071EA3B /* Build configuration list for PBXProject "Fitness Invaders" */ = {
			isa = XCConfigurationList;
			buildConfigurations = (
				736CFC7C22B3B9440071EA3B /* Debug */,
				736CFC7D22B3B9440071EA3B /* Release */,
			);
			defaultConfigurationIsVisible = 0;
			defaultConfigurationName = Release;
		};
		736CFC7E22B3B9440071EA3B /* Build configuration list for PBXNativeTarget "Fitness Invaders" */ = {
			isa = XCConfigurationList;
			buildConfigurations = (
				736CFC7F22B3B9440071EA3B /* Debug */,
				736CFC8022B3B9440071EA3B /* Release */,
			);
			defaultConfigurationIsVisible = 0;
			defaultConfigurationName = Release;
		};
		736CFC8122B3B9440071EA3B /* Build configuration list for PBXNativeTarget "Fitness InvadersTests" */ = {
			isa = XCConfigurationList;
			buildConfigurations = (
				736CFC8222B3B9440071EA3B /* Debug */,
				736CFC8322B3B9440071EA3B /* Release */,
			);
			defaultConfigurationIsVisible = 0;
			defaultConfigurationName = Release;
		};
		736CFC8422B3B9440071EA3B /* Build configuration list for PBXNativeTarget "Fitness InvadersUITests" */ = {
			isa = XCConfigurationList;
			buildConfigurations = (
				736CFC8522B3B9440071EA3B /* Debug */,
				736CFC8622B3B9440071EA3B /* Release */,
			);
			defaultConfigurationIsVisible = 0;
			defaultConfigurationName = Release;
		};
/* End XCConfigurationList section */

/* Begin XCVersionGroup section */
		7376BAFA22E5B80100E14CB1 /* FitnessInvaders.xcdatamodeld */ = {
			isa = XCVersionGroup;
			children = (
				7376BAFB22E5B80100E14CB1 /* FitnessInvaders.xcdatamodel */,
			);
			currentVersion = 7376BAFB22E5B80100E14CB1 /* FitnessInvaders.xcdatamodel */;
			path = FitnessInvaders.xcdatamodeld;
			sourceTree = "<group>";
			versionGroupType = wrapper.xcdatamodel;
		};
/* End XCVersionGroup section */
	};
	rootObject = 736CFC4822B3B9430071EA3B /* Project object */;
}
